
Microsoft Visual Studio Solution File, Format Version 12.00
# Visual Studio Version 17
VisualStudioVersion = 17.0.31903.59
MinimumVisualStudioVersion = 10.0.40219.1
Project("{2150E333-8FDC-42A3-9474-1A3956D46DE8}") = "src", "src", "{4297E3FA-1970-4DCF-97F7-BD11A2396EF0}"
EndProject
Project("{FAE04EC0-301F-11D3-BF4B-00C04F79EFBC}") = "AuctionService", "src\AuctionService\AuctionService.csproj", "{BF24EE5C-17FF-4EE2-8D38-FCE3382D5B9B}"
EndProject
Project("{FAE04EC0-301F-11D3-BF4B-00C04F79EFBC}") = "SearchService", "src\SearchService\SearchService.csproj", "{9197BF63-E2F4-4265-ABD0-4989B21ABA09}"
EndProject
Project("{FAE04EC0-301F-11D3-BF4B-00C04F79EFBC}") = "Contracts", "src\Contracts\Contracts.csproj", "{C5180D35-17B8-42B4-A367-A74A32EE8999}"
EndProject
Global
	GlobalSection(SolutionConfigurationPlatforms) = preSolution
		Debug|Any CPU = Debug|Any CPU
		Release|Any CPU = Release|Any CPU
	EndGlobalSection
	GlobalSection(SolutionProperties) = preSolution
		HideSolutionNode = FALSE
	EndGlobalSection
	GlobalSection(ProjectConfigurationPlatforms) = postSolution
		{BF24EE5C-17FF-4EE2-8D38-FCE3382D5B9B}.Debug|Any CPU.ActiveCfg = Debug|Any CPU
		{BF24EE5C-17FF-4EE2-8D38-FCE3382D5B9B}.Debug|Any CPU.Build.0 = Debug|Any CPU
		{BF24EE5C-17FF-4EE2-8D38-FCE3382D5B9B}.Release|Any CPU.ActiveCfg = Release|Any CPU
		{BF24EE5C-17FF-4EE2-8D38-FCE3382D5B9B}.Release|Any CPU.Build.0 = Release|Any CPU
		{9197BF63-E2F4-4265-ABD0-4989B21ABA09}.Debug|Any CPU.ActiveCfg = Debug|Any CPU
		{9197BF63-E2F4-4265-ABD0-4989B21ABA09}.Debug|Any CPU.Build.0 = Debug|Any CPU
		{9197BF63-E2F4-4265-ABD0-4989B21ABA09}.Release|Any CPU.ActiveCfg = Release|Any CPU
		{9197BF63-E2F4-4265-ABD0-4989B21ABA09}.Release|Any CPU.Build.0 = Release|Any CPU
		{C5180D35-17B8-42B4-A367-A74A32EE8999}.Debug|Any CPU.ActiveCfg = Debug|Any CPU
		{C5180D35-17B8-42B4-A367-A74A32EE8999}.Debug|Any CPU.Build.0 = Debug|Any CPU
		{C5180D35-17B8-42B4-A367-A74A32EE8999}.Release|Any CPU.ActiveCfg = Release|Any CPU
		{C5180D35-17B8-42B4-A367-A74A32EE8999}.Release|Any CPU.Build.0 = Release|Any CPU
	EndGlobalSection
	GlobalSection(NestedProjects) = preSolution
		{BF24EE5C-17FF-4EE2-8D38-FCE3382D5B9B} = {4297E3FA-1970-4DCF-97F7-BD11A2396EF0}
		{9197BF63-E2F4-4265-ABD0-4989B21ABA09} = {4297E3FA-1970-4DCF-97F7-BD11A2396EF0}
		{C5180D35-17B8-42B4-A367-A74A32EE8999} = {4297E3FA-1970-4DCF-97F7-BD11A2396EF0}
	EndGlobalSection
EndGlobal
